// !$*UTF8*$!
{
	archiveVersion = 1;
	classes = {
	};
	objectVersion = 56;
	objects = {

/* Begin PBXBuildFile section */
		0511354A2ADD0CFF0045513A /* PhotoDetailVC.swift in Sources */ = {isa = PBXBuildFile; fileRef = 051135492ADD0CFF0045513A /* PhotoDetailVC.swift */; };
		0511354C2ADE46550045513A /* RandomPoseVC.swift in Sources */ = {isa = PBXBuildFile; fileRef = 0511354B2ADE46550045513A /* RandomPoseVC.swift */; };
		051A60D22ADFDB9D00597886 /* LoginVC.swift in Sources */ = {isa = PBXBuildFile; fileRef = 051A60D12ADFDB9D00597886 /* LoginVC.swift */; };
		051A60D62AE69B9200597886 /* SignUpVC.swift in Sources */ = {isa = PBXBuildFile; fileRef = 051A60D52AE69B9200597886 /* SignUpVC.swift */; };
		051A60E42AE90B5C00597886 /* FirestoreManager.swift in Sources */ = {isa = PBXBuildFile; fileRef = 051A60E32AE90B5C00597886 /* FirestoreManager.swift */; };
		051A60E72AE90BAF00597886 /* FirebaseError.swift in Sources */ = {isa = PBXBuildFile; fileRef = 051A60E62AE90BAF00597886 /* FirebaseError.swift */; };
		051A60E92AE91F3400597886 /* StorageManager.swift in Sources */ = {isa = PBXBuildFile; fileRef = 051A60E82AE91F3400597886 /* StorageManager.swift */; };
		05E7F1DD2AEB42A700F4CD31 /* AuthManager.swift in Sources */ = {isa = PBXBuildFile; fileRef = 05E7F1DC2AEB42A700F4CD31 /* AuthManager.swift */; };
		26CC4B0F2AEA53C900D8D07A /* LikedPoseImageDetailVC.swift in Sources */ = {isa = PBXBuildFile; fileRef = 26CC4B0E2AEA53C900D8D07A /* LikedPoseImageDetailVC.swift */; };
		26F0482D2AF12E150050E27B /* EmptyLikedPoseView.swift in Sources */ = {isa = PBXBuildFile; fileRef = 26F0482C2AF12E150050E27B /* EmptyLikedPoseView.swift */; };
		EB5255C12ADCC0B000B73A89 /* Photo.swift in Sources */ = {isa = PBXBuildFile; fileRef = EB5255C02ADCC0B000B73A89 /* Photo.swift */; };
		EB5255C32ADCC2B700B73A89 /* User.swift in Sources */ = {isa = PBXBuildFile; fileRef = EB5255C22ADCC2B700B73A89 /* User.swift */; };
		EB5255C52ADCC2C200B73A89 /* Tag.swift in Sources */ = {isa = PBXBuildFile; fileRef = EB5255C42ADCC2C200B73A89 /* Tag.swift */; };
		EB7119032ADC5B2200CD19D6 /* AccountDeletionVC.swift in Sources */ = {isa = PBXBuildFile; fileRef = EB7119022ADC5B2200CD19D6 /* AccountDeletionVC.swift */; };
		EB98AF212ADB92A9008586BC /* CustomTabBarController.swift in Sources */ = {isa = PBXBuildFile; fileRef = EB98AF202ADB92A9008586BC /* CustomTabBarController.swift */; };
		EB98AF232ADB9390008586BC /* MyPageVC.swift in Sources */ = {isa = PBXBuildFile; fileRef = EB98AF222ADB9390008586BC /* MyPageVC.swift */; };
		EB98AF252ADB93CA008586BC /* PoseSuggestionVC.swift in Sources */ = {isa = PBXBuildFile; fileRef = EB98AF242ADB93C9008586BC /* PoseSuggestionVC.swift */; };
		EB98AF272ADB93D7008586BC /* MainPageVC.swift in Sources */ = {isa = PBXBuildFile; fileRef = EB98AF262ADB93D7008586BC /* MainPageVC.swift */; };
		EB98AF312ADBC3AB008586BC /* SUIT-Bold.ttf in Resources */ = {isa = PBXBuildFile; fileRef = EB98AF282ADBC3AB008586BC /* SUIT-Bold.ttf */; };
		EB98AF322ADBC3AB008586BC /* SUIT-Heavy.ttf in Resources */ = {isa = PBXBuildFile; fileRef = EB98AF292ADBC3AB008586BC /* SUIT-Heavy.ttf */; };
		EB98AF332ADBC3AB008586BC /* SUIT-SemiBold.ttf in Resources */ = {isa = PBXBuildFile; fileRef = EB98AF2A2ADBC3AB008586BC /* SUIT-SemiBold.ttf */; };
		EB98AF342ADBC3AB008586BC /* SUIT-Medium.ttf in Resources */ = {isa = PBXBuildFile; fileRef = EB98AF2B2ADBC3AB008586BC /* SUIT-Medium.ttf */; };
		EB98AF352ADBC3AB008586BC /* SUIT-Thin.ttf in Resources */ = {isa = PBXBuildFile; fileRef = EB98AF2C2ADBC3AB008586BC /* SUIT-Thin.ttf */; };
		EB98AF362ADBC3AB008586BC /* SUIT-Light.ttf in Resources */ = {isa = PBXBuildFile; fileRef = EB98AF2D2ADBC3AB008586BC /* SUIT-Light.ttf */; };
		EB98AF372ADBC3AB008586BC /* SUIT-ExtraBold.ttf in Resources */ = {isa = PBXBuildFile; fileRef = EB98AF2E2ADBC3AB008586BC /* SUIT-ExtraBold.ttf */; };
		EB98AF382ADBC3AB008586BC /* SUIT-ExtraLight.ttf in Resources */ = {isa = PBXBuildFile; fileRef = EB98AF2F2ADBC3AB008586BC /* SUIT-ExtraLight.ttf */; };
		EB98AF392ADBC3AB008586BC /* SUIT-Regular.ttf in Resources */ = {isa = PBXBuildFile; fileRef = EB98AF302ADBC3AB008586BC /* SUIT-Regular.ttf */; };
		EB98AF3B2ADBC4D9008586BC /* Extensions.swift in Sources */ = {isa = PBXBuildFile; fileRef = EB98AF3A2ADBC4D9008586BC /* Extensions.swift */; };
		EB98AF402ADBDF6B008586BC /* AddPhotoVC.swift in Sources */ = {isa = PBXBuildFile; fileRef = EB98AF3F2ADBDF6B008586BC /* AddPhotoVC.swift */; };
		EB98AF422ADBDF7D008586BC /* SettingsVC.swift in Sources */ = {isa = PBXBuildFile; fileRef = EB98AF412ADBDF7D008586BC /* SettingsVC.swift */; };
		EBC495E52ADF7E2E001EE564 /* MainPhotoListCell.swift in Sources */ = {isa = PBXBuildFile; fileRef = EBC495E42ADF7E2E001EE564 /* MainPhotoListCell.swift */; };
		EBC495ED2AE0111D001EE564 /* MyPageMenuCell.swift in Sources */ = {isa = PBXBuildFile; fileRef = EBC495EC2AE0111D001EE564 /* MyPageMenuCell.swift */; };
		EBD4B6AA2AE94174007CDFD7 /* QRCodeVC.swift in Sources */ = {isa = PBXBuildFile; fileRef = EBD4B6A92AE94174007CDFD7 /* QRCodeVC.swift */; };
		EBE195442AE117D000AC5647 /* NoticeListVC.swift in Sources */ = {isa = PBXBuildFile; fileRef = EBE195432AE117D000AC5647 /* NoticeListVC.swift */; };
		EBE195472AE158AD00AC5647 /* FirebaseAnalytics in Frameworks */ = {isa = PBXBuildFile; productRef = EBE195462AE158AD00AC5647 /* FirebaseAnalytics */; };
		EBE195532AE158AD00AC5647 /* FirebaseAuth in Frameworks */ = {isa = PBXBuildFile; productRef = EBE195522AE158AD00AC5647 /* FirebaseAuth */; };
		EBE1955F2AE158AD00AC5647 /* FirebaseFirestore in Frameworks */ = {isa = PBXBuildFile; productRef = EBE1955E2AE158AD00AC5647 /* FirebaseFirestore */; };
		EBE195792AE158AD00AC5647 /* FirebaseStorage in Frameworks */ = {isa = PBXBuildFile; productRef = EBE195782AE158AD00AC5647 /* FirebaseStorage */; };
		EBE1957D2AE16C8000AC5647 /* GoogleService-Info.plist in Resources */ = {isa = PBXBuildFile; fileRef = EBE1957C2AE16C8000AC5647 /* GoogleService-Info.plist */; };
		EBE4FA872ADA7D1200EFFE54 /* AppDelegate.swift in Sources */ = {isa = PBXBuildFile; fileRef = EBE4FA862ADA7D1200EFFE54 /* AppDelegate.swift */; };
		EBE4FA892ADA7D1200EFFE54 /* SceneDelegate.swift in Sources */ = {isa = PBXBuildFile; fileRef = EBE4FA882ADA7D1200EFFE54 /* SceneDelegate.swift */; };
		EBE4FA902ADA7D1300EFFE54 /* Assets.xcassets in Resources */ = {isa = PBXBuildFile; fileRef = EBE4FA8F2ADA7D1300EFFE54 /* Assets.xcassets */; };
		EBE4FA932ADA7D1300EFFE54 /* LaunchScreen.storyboard in Resources */ = {isa = PBXBuildFile; fileRef = EBE4FA912ADA7D1300EFFE54 /* LaunchScreen.storyboard */; };
		EBE4FA9E2ADA7DCB00EFFE54 /* PoseImageManager.swift in Sources */ = {isa = PBXBuildFile; fileRef = EBE4FA9D2ADA7DCB00EFFE54 /* PoseImageManager.swift */; };
		EBE4FAA12ADA7DF600EFFE54 /* Constants.swift in Sources */ = {isa = PBXBuildFile; fileRef = EBE4FAA02ADA7DF600EFFE54 /* Constants.swift */; };
		EBE4FAA72ADA7E6F00EFFE54 /* Kingfisher in Frameworks */ = {isa = PBXBuildFile; productRef = EBE4FAA62ADA7E6F00EFFE54 /* Kingfisher */; };
		EBE4FAAA2ADA7E7A00EFFE54 /* Then in Frameworks */ = {isa = PBXBuildFile; productRef = EBE4FAA92ADA7E7A00EFFE54 /* Then */; };
		EBE4FAAD2ADA7E8900EFFE54 /* SnapKit in Frameworks */ = {isa = PBXBuildFile; productRef = EBE4FAAC2ADA7E8900EFFE54 /* SnapKit */; };
		EBF75BDA2AE24B6B00A11652 /* Notice.swift in Sources */ = {isa = PBXBuildFile; fileRef = EBF75BD92AE24B6B00A11652 /* Notice.swift */; };
		EBF75BDE2AE24C7F00A11652 /* ProfileEditVC.swift in Sources */ = {isa = PBXBuildFile; fileRef = EBF75BDD2AE24C7F00A11652 /* ProfileEditVC.swift */; };
		EBF75BE02AE24D6600A11652 /* LikedPoseVC.swift in Sources */ = {isa = PBXBuildFile; fileRef = EBF75BDF2AE24D6600A11652 /* LikedPoseVC.swift */; };
		EBF75BE22AE254B700A11652 /* NoticeListCell.swift in Sources */ = {isa = PBXBuildFile; fileRef = EBF75BE12AE254B700A11652 /* NoticeListCell.swift */; };
		F9030B232ADD0CD4007C5043 /* AddPhotoView.swift in Sources */ = {isa = PBXBuildFile; fileRef = F9030B222ADD0CD4007C5043 /* AddPhotoView.swift */; };
		F9030B252ADE0E28007C5043 /* TagVC.swift in Sources */ = {isa = PBXBuildFile; fileRef = F9030B242ADE0E28007C5043 /* TagVC.swift */; };
		F9030B2A2ADE1EEE007C5043 /* TagCell.swift in Sources */ = {isa = PBXBuildFile; fileRef = F9030B292ADE1EEE007C5043 /* TagCell.swift */; };
		F92D584D2AE770B000147255 /* FirebaseFirestoreSwift in Frameworks */ = {isa = PBXBuildFile; productRef = F92D584C2AE770B000147255 /* FirebaseFirestoreSwift */; };
		F9B1AED12AEB87B600745C4A /* UserDataManager.swift in Sources */ = {isa = PBXBuildFile; fileRef = F9B1AED02AEB87B600745C4A /* UserDataManager.swift */; };
/* End PBXBuildFile section */

/* Begin PBXFileReference section */
		051135492ADD0CFF0045513A /* PhotoDetailVC.swift */ = {isa = PBXFileReference; lastKnownFileType = sourcecode.swift; path = PhotoDetailVC.swift; sourceTree = "<group>"; };
		0511354B2ADE46550045513A /* RandomPoseVC.swift */ = {isa = PBXFileReference; lastKnownFileType = sourcecode.swift; path = RandomPoseVC.swift; sourceTree = "<group>"; };
		051A60D12ADFDB9D00597886 /* LoginVC.swift */ = {isa = PBXFileReference; lastKnownFileType = sourcecode.swift; path = LoginVC.swift; sourceTree = "<group>"; };
		051A60D52AE69B9200597886 /* SignUpVC.swift */ = {isa = PBXFileReference; lastKnownFileType = sourcecode.swift; path = SignUpVC.swift; sourceTree = "<group>"; };
		051A60E32AE90B5C00597886 /* FirestoreManager.swift */ = {isa = PBXFileReference; lastKnownFileType = sourcecode.swift; path = FirestoreManager.swift; sourceTree = "<group>"; };
		051A60E62AE90BAF00597886 /* FirebaseError.swift */ = {isa = PBXFileReference; lastKnownFileType = sourcecode.swift; path = FirebaseError.swift; sourceTree = "<group>"; };
		051A60E82AE91F3400597886 /* StorageManager.swift */ = {isa = PBXFileReference; lastKnownFileType = sourcecode.swift; path = StorageManager.swift; sourceTree = "<group>"; };
		05E7F1DC2AEB42A700F4CD31 /* AuthManager.swift */ = {isa = PBXFileReference; lastKnownFileType = sourcecode.swift; path = AuthManager.swift; sourceTree = "<group>"; };
		26CC4B0E2AEA53C900D8D07A /* LikedPoseImageDetailVC.swift */ = {isa = PBXFileReference; lastKnownFileType = sourcecode.swift; path = LikedPoseImageDetailVC.swift; sourceTree = "<group>"; };
		26F0482C2AF12E150050E27B /* EmptyLikedPoseView.swift */ = {isa = PBXFileReference; lastKnownFileType = sourcecode.swift; path = EmptyLikedPoseView.swift; sourceTree = "<group>"; };
		EB5255C02ADCC0B000B73A89 /* Photo.swift */ = {isa = PBXFileReference; lastKnownFileType = sourcecode.swift; path = Photo.swift; sourceTree = "<group>"; };
		EB5255C22ADCC2B700B73A89 /* User.swift */ = {isa = PBXFileReference; lastKnownFileType = sourcecode.swift; path = User.swift; sourceTree = "<group>"; };
		EB5255C42ADCC2C200B73A89 /* Tag.swift */ = {isa = PBXFileReference; lastKnownFileType = sourcecode.swift; path = Tag.swift; sourceTree = "<group>"; };
		EB7119022ADC5B2200CD19D6 /* AccountDeletionVC.swift */ = {isa = PBXFileReference; lastKnownFileType = sourcecode.swift; path = AccountDeletionVC.swift; sourceTree = "<group>"; };
		EB98AF202ADB92A9008586BC /* CustomTabBarController.swift */ = {isa = PBXFileReference; lastKnownFileType = sourcecode.swift; path = CustomTabBarController.swift; sourceTree = "<group>"; };
		EB98AF222ADB9390008586BC /* MyPageVC.swift */ = {isa = PBXFileReference; lastKnownFileType = sourcecode.swift; path = MyPageVC.swift; sourceTree = "<group>"; };
		EB98AF242ADB93C9008586BC /* PoseSuggestionVC.swift */ = {isa = PBXFileReference; lastKnownFileType = sourcecode.swift; path = PoseSuggestionVC.swift; sourceTree = "<group>"; };
		EB98AF262ADB93D7008586BC /* MainPageVC.swift */ = {isa = PBXFileReference; lastKnownFileType = sourcecode.swift; path = MainPageVC.swift; sourceTree = "<group>"; };
		EB98AF282ADBC3AB008586BC /* SUIT-Bold.ttf */ = {isa = PBXFileReference; lastKnownFileType = file; path = "SUIT-Bold.ttf"; sourceTree = "<group>"; };
		EB98AF292ADBC3AB008586BC /* SUIT-Heavy.ttf */ = {isa = PBXFileReference; lastKnownFileType = file; path = "SUIT-Heavy.ttf"; sourceTree = "<group>"; };
		EB98AF2A2ADBC3AB008586BC /* SUIT-SemiBold.ttf */ = {isa = PBXFileReference; lastKnownFileType = file; path = "SUIT-SemiBold.ttf"; sourceTree = "<group>"; };
		EB98AF2B2ADBC3AB008586BC /* SUIT-Medium.ttf */ = {isa = PBXFileReference; lastKnownFileType = file; path = "SUIT-Medium.ttf"; sourceTree = "<group>"; };
		EB98AF2C2ADBC3AB008586BC /* SUIT-Thin.ttf */ = {isa = PBXFileReference; lastKnownFileType = file; path = "SUIT-Thin.ttf"; sourceTree = "<group>"; };
		EB98AF2D2ADBC3AB008586BC /* SUIT-Light.ttf */ = {isa = PBXFileReference; lastKnownFileType = file; path = "SUIT-Light.ttf"; sourceTree = "<group>"; };
		EB98AF2E2ADBC3AB008586BC /* SUIT-ExtraBold.ttf */ = {isa = PBXFileReference; lastKnownFileType = file; path = "SUIT-ExtraBold.ttf"; sourceTree = "<group>"; };
		EB98AF2F2ADBC3AB008586BC /* SUIT-ExtraLight.ttf */ = {isa = PBXFileReference; lastKnownFileType = file; path = "SUIT-ExtraLight.ttf"; sourceTree = "<group>"; };
		EB98AF302ADBC3AB008586BC /* SUIT-Regular.ttf */ = {isa = PBXFileReference; lastKnownFileType = file; path = "SUIT-Regular.ttf"; sourceTree = "<group>"; };
		EB98AF3A2ADBC4D9008586BC /* Extensions.swift */ = {isa = PBXFileReference; lastKnownFileType = sourcecode.swift; path = Extensions.swift; sourceTree = "<group>"; };
		EB98AF3F2ADBDF6B008586BC /* AddPhotoVC.swift */ = {isa = PBXFileReference; lastKnownFileType = sourcecode.swift; path = AddPhotoVC.swift; sourceTree = "<group>"; };
		EB98AF412ADBDF7D008586BC /* SettingsVC.swift */ = {isa = PBXFileReference; lastKnownFileType = sourcecode.swift; path = SettingsVC.swift; sourceTree = "<group>"; };
		EBC495E42ADF7E2E001EE564 /* MainPhotoListCell.swift */ = {isa = PBXFileReference; lastKnownFileType = sourcecode.swift; name = MainPhotoListCell.swift; path = "Poki-iOS/Sources/Presenter/Main/MainPhotoListCell.swift"; sourceTree = SOURCE_ROOT; };
		EBC495EC2AE0111D001EE564 /* MyPageMenuCell.swift */ = {isa = PBXFileReference; lastKnownFileType = sourcecode.swift; name = MyPageMenuCell.swift; path = "Poki-iOS/Sources/Presenter/MyPage/MyPageMenuCell.swift"; sourceTree = SOURCE_ROOT; };
		EBD4B6A92AE94174007CDFD7 /* QRCodeVC.swift */ = {isa = PBXFileReference; lastKnownFileType = sourcecode.swift; path = QRCodeVC.swift; sourceTree = "<group>"; };
		EBE195432AE117D000AC5647 /* NoticeListVC.swift */ = {isa = PBXFileReference; lastKnownFileType = sourcecode.swift; path = NoticeListVC.swift; sourceTree = "<group>"; };
		EBE1957C2AE16C8000AC5647 /* GoogleService-Info.plist */ = {isa = PBXFileReference; fileEncoding = 4; lastKnownFileType = text.plist.xml; path = "GoogleService-Info.plist"; sourceTree = "<group>"; };
		EBE4FA832ADA7D1200EFFE54 /* Poki-iOS.app */ = {isa = PBXFileReference; explicitFileType = wrapper.application; includeInIndex = 0; path = "Poki-iOS.app"; sourceTree = BUILT_PRODUCTS_DIR; };
		EBE4FA862ADA7D1200EFFE54 /* AppDelegate.swift */ = {isa = PBXFileReference; lastKnownFileType = sourcecode.swift; path = AppDelegate.swift; sourceTree = "<group>"; };
		EBE4FA882ADA7D1200EFFE54 /* SceneDelegate.swift */ = {isa = PBXFileReference; lastKnownFileType = sourcecode.swift; path = SceneDelegate.swift; sourceTree = "<group>"; };
		EBE4FA8F2ADA7D1300EFFE54 /* Assets.xcassets */ = {isa = PBXFileReference; lastKnownFileType = folder.assetcatalog; path = Assets.xcassets; sourceTree = "<group>"; };
		EBE4FA922ADA7D1300EFFE54 /* Base */ = {isa = PBXFileReference; lastKnownFileType = file.storyboard; name = Base; path = Base.lproj/LaunchScreen.storyboard; sourceTree = "<group>"; };
		EBE4FA942ADA7D1300EFFE54 /* Info.plist */ = {isa = PBXFileReference; lastKnownFileType = text.plist.xml; path = Info.plist; sourceTree = "<group>"; };
		EBE4FA9D2ADA7DCB00EFFE54 /* PoseImageManager.swift */ = {isa = PBXFileReference; lastKnownFileType = sourcecode.swift; path = PoseImageManager.swift; sourceTree = "<group>"; };
		EBE4FAA02ADA7DF600EFFE54 /* Constants.swift */ = {isa = PBXFileReference; lastKnownFileType = sourcecode.swift; path = Constants.swift; sourceTree = "<group>"; };
		EBF75BD92AE24B6B00A11652 /* Notice.swift */ = {isa = PBXFileReference; lastKnownFileType = sourcecode.swift; path = Notice.swift; sourceTree = "<group>"; };
		EBF75BDD2AE24C7F00A11652 /* ProfileEditVC.swift */ = {isa = PBXFileReference; lastKnownFileType = sourcecode.swift; path = ProfileEditVC.swift; sourceTree = "<group>"; };
		EBF75BDF2AE24D6600A11652 /* LikedPoseVC.swift */ = {isa = PBXFileReference; lastKnownFileType = sourcecode.swift; path = LikedPoseVC.swift; sourceTree = "<group>"; };
		EBF75BE12AE254B700A11652 /* NoticeListCell.swift */ = {isa = PBXFileReference; lastKnownFileType = sourcecode.swift; path = NoticeListCell.swift; sourceTree = "<group>"; };
		F9030B222ADD0CD4007C5043 /* AddPhotoView.swift */ = {isa = PBXFileReference; lastKnownFileType = sourcecode.swift; path = AddPhotoView.swift; sourceTree = "<group>"; };
		F9030B242ADE0E28007C5043 /* TagVC.swift */ = {isa = PBXFileReference; lastKnownFileType = sourcecode.swift; path = TagVC.swift; sourceTree = "<group>"; };
		F9030B292ADE1EEE007C5043 /* TagCell.swift */ = {isa = PBXFileReference; lastKnownFileType = sourcecode.swift; path = TagCell.swift; sourceTree = "<group>"; };
		F9B1AED02AEB87B600745C4A /* UserDataManager.swift */ = {isa = PBXFileReference; lastKnownFileType = sourcecode.swift; path = UserDataManager.swift; sourceTree = "<group>"; };
/* End PBXFileReference section */

/* Begin PBXFrameworksBuildPhase section */
		EBE4FA802ADA7D1200EFFE54 /* Frameworks */ = {
			isa = PBXFrameworksBuildPhase;
			buildActionMask = 2147483647;
			files = (
				EBE195532AE158AD00AC5647 /* FirebaseAuth in Frameworks */,
				EBE195792AE158AD00AC5647 /* FirebaseStorage in Frameworks */,
				EBE1955F2AE158AD00AC5647 /* FirebaseFirestore in Frameworks */,
				EBE4FAAD2ADA7E8900EFFE54 /* SnapKit in Frameworks */,
				EBE4FAA72ADA7E6F00EFFE54 /* Kingfisher in Frameworks */,
				EBE195472AE158AD00AC5647 /* FirebaseAnalytics in Frameworks */,
				EBE4FAAA2ADA7E7A00EFFE54 /* Then in Frameworks */,
				F92D584D2AE770B000147255 /* FirebaseFirestoreSwift in Frameworks */,
			);
			runOnlyForDeploymentPostprocessing = 0;
		};
/* End PBXFrameworksBuildPhase section */

/* Begin PBXGroup section */
		051A60E52AE90B9B00597886 /* Error */ = {
			isa = PBXGroup;
			children = (
				051A60E62AE90BAF00597886 /* FirebaseError.swift */,
			);
			path = Error;
			sourceTree = "<group>";
		};
		EB962A3F2AEBCB2600F2FA42 /* Sources */ = {
			isa = PBXGroup;
			children = (
				EB962A402AEBCB3B00F2FA42 /* App */,
				EB962A412AEBCC3C00F2FA42 /* Manager */,
				EBE4FA9F2ADA7DD500EFFE54 /* Helpers */,
				EBE4FAA22ADA7E2500EFFE54 /* Models */,
				EB962A422AEBCCD000F2FA42 /* Presenter */,
			);
			path = Sources;
			sourceTree = "<group>";
		};
		EB962A402AEBCB3B00F2FA42 /* App */ = {
			isa = PBXGroup;
			children = (
				EBE4FA862ADA7D1200EFFE54 /* AppDelegate.swift */,
				EBE4FA882ADA7D1200EFFE54 /* SceneDelegate.swift */,
			);
			path = App;
			sourceTree = "<group>";
		};
		EB962A412AEBCC3C00F2FA42 /* Manager */ = {
			isa = PBXGroup;
			children = (
				EBE4FA9D2ADA7DCB00EFFE54 /* PoseImageManager.swift */,
				051A60E32AE90B5C00597886 /* FirestoreManager.swift */,
				051A60E82AE91F3400597886 /* StorageManager.swift */,
				05E7F1DC2AEB42A700F4CD31 /* AuthManager.swift */,
				F9B1AED02AEB87B600745C4A /* UserDataManager.swift */,
			);
			path = Manager;
			sourceTree = "<group>";
		};
		EB962A422AEBCCD000F2FA42 /* Presenter */ = {
			isa = PBXGroup;
			children = (
				EB962A432AEBCCE300F2FA42 /* TabBar */,
				EB962A442AEBCCF400F2FA42 /* Login */,
				EB962A462AEBCD2F00F2FA42 /* Main */,
				EB962A4A2AEBCDF400F2FA42 /* PoseSuggestion */,
				EB962A4C2AEBCE1900F2FA42 /* MyPage */,
			);
			path = Presenter;
			sourceTree = "<group>";
		};
		EB962A432AEBCCE300F2FA42 /* TabBar */ = {
			isa = PBXGroup;
			children = (
				EB98AF202ADB92A9008586BC /* CustomTabBarController.swift */,
			);
			path = TabBar;
			sourceTree = "<group>";
		};
		EB962A442AEBCCF400F2FA42 /* Login */ = {
			isa = PBXGroup;
			children = (
				051A60D12ADFDB9D00597886 /* LoginVC.swift */,
				EB962A452AEBCCFF00F2FA42 /* SignUp */,
			);
			path = Login;
			sourceTree = "<group>";
		};
		EB962A452AEBCCFF00F2FA42 /* SignUp */ = {
			isa = PBXGroup;
			children = (
				051A60D52AE69B9200597886 /* SignUpVC.swift */,
			);
			path = SignUp;
			sourceTree = "<group>";
		};
		EB962A462AEBCD2F00F2FA42 /* Main */ = {
			isa = PBXGroup;
			children = (
				EB98AF262ADB93D7008586BC /* MainPageVC.swift */,
				EBD4B6A92AE94174007CDFD7 /* QRCodeVC.swift */,
				EBC495E42ADF7E2E001EE564 /* MainPhotoListCell.swift */,
				EB962A472AEBCD5A00F2FA42 /* AddPhoto */,
				EB962A492AEBCDAC00F2FA42 /* PhotoDetail */,
			);
			path = Main;
			sourceTree = "<group>";
		};
		EB962A472AEBCD5A00F2FA42 /* AddPhoto */ = {
			isa = PBXGroup;
			children = (
				F9030B222ADD0CD4007C5043 /* AddPhotoView.swift */,
				EB98AF3F2ADBDF6B008586BC /* AddPhotoVC.swift */,
				EB962A482AEBCD8500F2FA42 /* Tag */,
			);
			path = AddPhoto;
			sourceTree = "<group>";
		};
		EB962A482AEBCD8500F2FA42 /* Tag */ = {
			isa = PBXGroup;
			children = (
				F9030B292ADE1EEE007C5043 /* TagCell.swift */,
				F9030B242ADE0E28007C5043 /* TagVC.swift */,
			);
			path = Tag;
			sourceTree = "<group>";
		};
		EB962A492AEBCDAC00F2FA42 /* PhotoDetail */ = {
			isa = PBXGroup;
			children = (
				051135492ADD0CFF0045513A /* PhotoDetailVC.swift */,
			);
			path = PhotoDetail;
			sourceTree = "<group>";
		};
		EB962A4A2AEBCDF400F2FA42 /* PoseSuggestion */ = {
			isa = PBXGroup;
			children = (
				EB98AF242ADB93C9008586BC /* PoseSuggestionVC.swift */,
				EB962A4B2AEBCE0200F2FA42 /* RandomPose */,
			);
			path = PoseSuggestion;
			sourceTree = "<group>";
		};
		EB962A4B2AEBCE0200F2FA42 /* RandomPose */ = {
			isa = PBXGroup;
			children = (
				0511354B2ADE46550045513A /* RandomPoseVC.swift */,
			);
			path = RandomPose;
			sourceTree = "<group>";
		};
		EB962A4C2AEBCE1900F2FA42 /* MyPage */ = {
			isa = PBXGroup;
			children = (
				EB98AF222ADB9390008586BC /* MyPageVC.swift */,
				EBC495EC2AE0111D001EE564 /* MyPageMenuCell.swift */,
				EB962A4D2AEBCE4800F2FA42 /* LikedPose */,
				EB962A4E2AEBCE7300F2FA42 /* ProfileEdit */,
				EB962A4F2AEBCE9B00F2FA42 /* Setting */,
			);
			path = MyPage;
			sourceTree = "<group>";
		};
		EB962A4D2AEBCE4800F2FA42 /* LikedPose */ = {
			isa = PBXGroup;
			children = (
				EBF75BDF2AE24D6600A11652 /* LikedPoseVC.swift */,
				26CC4B0E2AEA53C900D8D07A /* LikedPoseImageDetailVC.swift */,
				26F0482C2AF12E150050E27B /* EmptyLikedPoseView.swift */,
			);
			path = LikedPose;
			sourceTree = "<group>";
		};
		EB962A4E2AEBCE7300F2FA42 /* ProfileEdit */ = {
			isa = PBXGroup;
			children = (
				EBF75BDD2AE24C7F00A11652 /* ProfileEditVC.swift */,
			);
			path = ProfileEdit;
			sourceTree = "<group>";
		};
		EB962A4F2AEBCE9B00F2FA42 /* Setting */ = {
			isa = PBXGroup;
			children = (
				EB98AF412ADBDF7D008586BC /* SettingsVC.swift */,
				EB7119022ADC5B2200CD19D6 /* AccountDeletionVC.swift */,
				EB962A502AEBCEB700F2FA42 /* NoticeList */,
			);
			path = Setting;
			sourceTree = "<group>";
		};
		EB962A502AEBCEB700F2FA42 /* NoticeList */ = {
			isa = PBXGroup;
			children = (
				EBE195432AE117D000AC5647 /* NoticeListVC.swift */,
				EBF75BE12AE254B700A11652 /* NoticeListCell.swift */,
			);
			path = NoticeList;
			sourceTree = "<group>";
		};
		EBE4FA7A2ADA7D1200EFFE54 = {
			isa = PBXGroup;
			children = (
				EBE4FA852ADA7D1200EFFE54 /* Poki-iOS */,
				EBE4FA842ADA7D1200EFFE54 /* Products */,
				F92D584B2AE770B000147255 /* Frameworks */,
			);
			sourceTree = "<group>";
		};
		EBE4FA842ADA7D1200EFFE54 /* Products */ = {
			isa = PBXGroup;
			children = (
				EBE4FA832ADA7D1200EFFE54 /* Poki-iOS.app */,
			);
			name = Products;
			sourceTree = "<group>";
		};
		EBE4FA852ADA7D1200EFFE54 /* Poki-iOS */ = {
			isa = PBXGroup;
			children = (
				EBE4FA9A2ADA7D8D00EFFE54 /* Resources */,
				EB962A3F2AEBCB2600F2FA42 /* Sources */,
			);
			path = "Poki-iOS";
			sourceTree = "<group>";
		};
		EBE4FA9A2ADA7D8D00EFFE54 /* Resources */ = {
			isa = PBXGroup;
			children = (
				EBE4FA942ADA7D1300EFFE54 /* Info.plist */,
				EBE1957C2AE16C8000AC5647 /* GoogleService-Info.plist */,
				EBE4FA9B2ADA7D9E00EFFE54 /* Font */,
				EBE4FA8F2ADA7D1300EFFE54 /* Assets.xcassets */,
				EBE4FA912ADA7D1300EFFE54 /* LaunchScreen.storyboard */,
			);
			path = Resources;
			sourceTree = "<group>";
		};
		EBE4FA9B2ADA7D9E00EFFE54 /* Font */ = {
			isa = PBXGroup;
			children = (
				EB98AF282ADBC3AB008586BC /* SUIT-Bold.ttf */,
				EB98AF2E2ADBC3AB008586BC /* SUIT-ExtraBold.ttf */,
				EB98AF2F2ADBC3AB008586BC /* SUIT-ExtraLight.ttf */,
				EB98AF292ADBC3AB008586BC /* SUIT-Heavy.ttf */,
				EB98AF2D2ADBC3AB008586BC /* SUIT-Light.ttf */,
				EB98AF2B2ADBC3AB008586BC /* SUIT-Medium.ttf */,
				EB98AF302ADBC3AB008586BC /* SUIT-Regular.ttf */,
				EB98AF2A2ADBC3AB008586BC /* SUIT-SemiBold.ttf */,
				EB98AF2C2ADBC3AB008586BC /* SUIT-Thin.ttf */,
			);
			path = Font;
			sourceTree = "<group>";
		};
		EBE4FA9F2ADA7DD500EFFE54 /* Helpers */ = {
			isa = PBXGroup;
			children = (
				EB98AF3A2ADBC4D9008586BC /* Extensions.swift */,
				EBE4FAA02ADA7DF600EFFE54 /* Constants.swift */,
			);
			path = Helpers;
			sourceTree = "<group>";
		};
		EBE4FAA22ADA7E2500EFFE54 /* Models */ = {
			isa = PBXGroup;
			children = (
				051A60E52AE90B9B00597886 /* Error */,
				EB5255C02ADCC0B000B73A89 /* Photo.swift */,
				EB5255C22ADCC2B700B73A89 /* User.swift */,
				EB5255C42ADCC2C200B73A89 /* Tag.swift */,
				EBF75BD92AE24B6B00A11652 /* Notice.swift */,
			);
			path = Models;
			sourceTree = "<group>";
		};
		F92D584B2AE770B000147255 /* Frameworks */ = {
			isa = PBXGroup;
			children = (
			);
			name = Frameworks;
			sourceTree = "<group>";
		};
/* End PBXGroup section */

/* Begin PBXNativeTarget section */
		EBE4FA822ADA7D1200EFFE54 /* Poki-iOS */ = {
			isa = PBXNativeTarget;
			buildConfigurationList = EBE4FA972ADA7D1300EFFE54 /* Build configuration list for PBXNativeTarget "Poki-iOS" */;
			buildPhases = (
				EBE4FA7F2ADA7D1200EFFE54 /* Sources */,
				EBE4FA802ADA7D1200EFFE54 /* Frameworks */,
				EBE4FA812ADA7D1200EFFE54 /* Resources */,
			);
			buildRules = (
			);
			dependencies = (
			);
			name = "Poki-iOS";
			packageProductDependencies = (
				EBE4FAA62ADA7E6F00EFFE54 /* Kingfisher */,
				EBE4FAA92ADA7E7A00EFFE54 /* Then */,
				EBE4FAAC2ADA7E8900EFFE54 /* SnapKit */,
				EBE195462AE158AD00AC5647 /* FirebaseAnalytics */,
				EBE195522AE158AD00AC5647 /* FirebaseAuth */,
				EBE1955E2AE158AD00AC5647 /* FirebaseFirestore */,
				EBE195782AE158AD00AC5647 /* FirebaseStorage */,
				F92D584C2AE770B000147255 /* FirebaseFirestoreSwift */,
			);
			productName = "Poki-iOS";
			productReference = EBE4FA832ADA7D1200EFFE54 /* Poki-iOS.app */;
			productType = "com.apple.product-type.application";
		};
/* End PBXNativeTarget section */

/* Begin PBXProject section */
		EBE4FA7B2ADA7D1200EFFE54 /* Project object */ = {
			isa = PBXProject;
			attributes = {
				BuildIndependentTargetsInParallel = 1;
				LastSwiftUpdateCheck = 1500;
				LastUpgradeCheck = 1500;
				TargetAttributes = {
					EBE4FA822ADA7D1200EFFE54 = {
						CreatedOnToolsVersion = 15.0;
					};
				};
			};
			buildConfigurationList = EBE4FA7E2ADA7D1200EFFE54 /* Build configuration list for PBXProject "Poki-iOS" */;
			compatibilityVersion = "Xcode 14.0";
			developmentRegion = en;
			hasScannedForEncodings = 0;
			knownRegions = (
				en,
				Base,
			);
			mainGroup = EBE4FA7A2ADA7D1200EFFE54;
			packageReferences = (
				EBE4FAA52ADA7E6F00EFFE54 /* XCRemoteSwiftPackageReference "Kingfisher" */,
				EBE4FAA82ADA7E7A00EFFE54 /* XCRemoteSwiftPackageReference "Then" */,
				EBE4FAAB2ADA7E8900EFFE54 /* XCRemoteSwiftPackageReference "SnapKit" */,
				EBE195452AE158AD00AC5647 /* XCRemoteSwiftPackageReference "firebase-ios-sdk" */,
			);
			productRefGroup = EBE4FA842ADA7D1200EFFE54 /* Products */;
			projectDirPath = "";
			projectRoot = "";
			targets = (
				EBE4FA822ADA7D1200EFFE54 /* Poki-iOS */,
			);
		};
/* End PBXProject section */

/* Begin PBXResourcesBuildPhase section */
		EBE4FA812ADA7D1200EFFE54 /* Resources */ = {
			isa = PBXResourcesBuildPhase;
			buildActionMask = 2147483647;
			files = (
				EB98AF392ADBC3AB008586BC /* SUIT-Regular.ttf in Resources */,
				EB98AF342ADBC3AB008586BC /* SUIT-Medium.ttf in Resources */,
				EB98AF312ADBC3AB008586BC /* SUIT-Bold.ttf in Resources */,
				EB98AF352ADBC3AB008586BC /* SUIT-Thin.ttf in Resources */,
				EB98AF322ADBC3AB008586BC /* SUIT-Heavy.ttf in Resources */,
				EBE1957D2AE16C8000AC5647 /* GoogleService-Info.plist in Resources */,
				EB98AF362ADBC3AB008586BC /* SUIT-Light.ttf in Resources */,
				EBE4FA932ADA7D1300EFFE54 /* LaunchScreen.storyboard in Resources */,
				EB98AF332ADBC3AB008586BC /* SUIT-SemiBold.ttf in Resources */,
				EBE4FA902ADA7D1300EFFE54 /* Assets.xcassets in Resources */,
				EB98AF372ADBC3AB008586BC /* SUIT-ExtraBold.ttf in Resources */,
				EB98AF382ADBC3AB008586BC /* SUIT-ExtraLight.ttf in Resources */,
			);
			runOnlyForDeploymentPostprocessing = 0;
		};
/* End PBXResourcesBuildPhase section */

/* Begin PBXSourcesBuildPhase section */
		EBE4FA7F2ADA7D1200EFFE54 /* Sources */ = {
			isa = PBXSourcesBuildPhase;
			buildActionMask = 2147483647;
			files = (
				0511354C2ADE46550045513A /* RandomPoseVC.swift in Sources */,
				EB5255C52ADCC2C200B73A89 /* Tag.swift in Sources */,
				EBE195442AE117D000AC5647 /* NoticeListVC.swift in Sources */,
				EBE4FAA12ADA7DF600EFFE54 /* Constants.swift in Sources */,
				EB98AF3B2ADBC4D9008586BC /* Extensions.swift in Sources */,
				26F0482D2AF12E150050E27B /* EmptyLikedPoseView.swift in Sources */,
				F9030B2A2ADE1EEE007C5043 /* TagCell.swift in Sources */,
				EBC495E52ADF7E2E001EE564 /* MainPhotoListCell.swift in Sources */,
				EB98AF422ADBDF7D008586BC /* SettingsVC.swift in Sources */,
				EBF75BDE2AE24C7F00A11652 /* ProfileEditVC.swift in Sources */,
				EB98AF232ADB9390008586BC /* MyPageVC.swift in Sources */,
				EB5255C32ADCC2B700B73A89 /* User.swift in Sources */,
				EBF75BE02AE24D6600A11652 /* LikedPoseVC.swift in Sources */,
				0511354A2ADD0CFF0045513A /* PhotoDetailVC.swift in Sources */,
				EBF75BE22AE254B700A11652 /* NoticeListCell.swift in Sources */,
				EBE4FA9E2ADA7DCB00EFFE54 /* PoseImageManager.swift in Sources */,
				F9030B232ADD0CD4007C5043 /* AddPhotoView.swift in Sources */,
				051A60D22ADFDB9D00597886 /* LoginVC.swift in Sources */,
				051A60E42AE90B5C00597886 /* FirestoreManager.swift in Sources */,
				EB7119032ADC5B2200CD19D6 /* AccountDeletionVC.swift in Sources */,
				EB98AF212ADB92A9008586BC /* CustomTabBarController.swift in Sources */,
				F9B1AED12AEB87B600745C4A /* UserDataManager.swift in Sources */,
				EBD4B6AA2AE94174007CDFD7 /* QRCodeVC.swift in Sources */,
				EBE4FA872ADA7D1200EFFE54 /* AppDelegate.swift in Sources */,
				051A60D62AE69B9200597886 /* SignUpVC.swift in Sources */,
				EB5255C12ADCC0B000B73A89 /* Photo.swift in Sources */,
				051A60E92AE91F3400597886 /* StorageManager.swift in Sources */,
				EBC495ED2AE0111D001EE564 /* MyPageMenuCell.swift in Sources */,
				26CC4B0F2AEA53C900D8D07A /* LikedPoseImageDetailVC.swift in Sources */,
				051A60E72AE90BAF00597886 /* FirebaseError.swift in Sources */,
				EBF75BDA2AE24B6B00A11652 /* Notice.swift in Sources */,
				05E7F1DD2AEB42A700F4CD31 /* AuthManager.swift in Sources */,
				EB98AF252ADB93CA008586BC /* PoseSuggestionVC.swift in Sources */,
				EB98AF402ADBDF6B008586BC /* AddPhotoVC.swift in Sources */,
				F9030B252ADE0E28007C5043 /* TagVC.swift in Sources */,
				EBE4FA892ADA7D1200EFFE54 /* SceneDelegate.swift in Sources */,
				EB98AF272ADB93D7008586BC /* MainPageVC.swift in Sources */,
			);
			runOnlyForDeploymentPostprocessing = 0;
		};
/* End PBXSourcesBuildPhase section */

/* Begin PBXVariantGroup section */
		EBE4FA912ADA7D1300EFFE54 /* LaunchScreen.storyboard */ = {
			isa = PBXVariantGroup;
			children = (
				EBE4FA922ADA7D1300EFFE54 /* Base */,
			);
			name = LaunchScreen.storyboard;
			sourceTree = "<group>";
			usesTabs = 0;
		};
/* End PBXVariantGroup section */

/* Begin XCBuildConfiguration section */
		EBE4FA952ADA7D1300EFFE54 /* Debug */ = {
			isa = XCBuildConfiguration;
			buildSettings = {
				ALWAYS_SEARCH_USER_PATHS = NO;
				ASSETCATALOG_COMPILER_GENERATE_SWIFT_ASSET_SYMBOL_EXTENSIONS = YES;
				CLANG_ANALYZER_NONNULL = YES;
				CLANG_ANALYZER_NUMBER_OBJECT_CONVERSION = YES_AGGRESSIVE;
				CLANG_CXX_LANGUAGE_STANDARD = "gnu++20";
				CLANG_ENABLE_MODULES = YES;
				CLANG_ENABLE_OBJC_ARC = YES;
				CLANG_ENABLE_OBJC_WEAK = YES;
				CLANG_WARN_BLOCK_CAPTURE_AUTORELEASING = YES;
				CLANG_WARN_BOOL_CONVERSION = YES;
				CLANG_WARN_COMMA = YES;
				CLANG_WARN_CONSTANT_CONVERSION = YES;
				CLANG_WARN_DEPRECATED_OBJC_IMPLEMENTATIONS = YES;
				CLANG_WARN_DIRECT_OBJC_ISA_USAGE = YES_ERROR;
				CLANG_WARN_DOCUMENTATION_COMMENTS = YES;
				CLANG_WARN_EMPTY_BODY = YES;
				CLANG_WARN_ENUM_CONVERSION = YES;
				CLANG_WARN_INFINITE_RECURSION = YES;
				CLANG_WARN_INT_CONVERSION = YES;
				CLANG_WARN_NON_LITERAL_NULL_CONVERSION = YES;
				CLANG_WARN_OBJC_IMPLICIT_RETAIN_SELF = YES;
				CLANG_WARN_OBJC_LITERAL_CONVERSION = YES;
				CLANG_WARN_OBJC_ROOT_CLASS = YES_ERROR;
				CLANG_WARN_QUOTED_INCLUDE_IN_FRAMEWORK_HEADER = YES;
				CLANG_WARN_RANGE_LOOP_ANALYSIS = YES;
				CLANG_WARN_STRICT_PROTOTYPES = YES;
				CLANG_WARN_SUSPICIOUS_MOVE = YES;
				CLANG_WARN_UNGUARDED_AVAILABILITY = YES_AGGRESSIVE;
				CLANG_WARN_UNREACHABLE_CODE = YES;
				CLANG_WARN__DUPLICATE_METHOD_MATCH = YES;
				COPY_PHASE_STRIP = NO;
				DEBUG_INFORMATION_FORMAT = dwarf;
				ENABLE_STRICT_OBJC_MSGSEND = YES;
				ENABLE_TESTABILITY = YES;
				ENABLE_USER_SCRIPT_SANDBOXING = YES;
				GCC_C_LANGUAGE_STANDARD = gnu17;
				GCC_DYNAMIC_NO_PIC = NO;
				GCC_NO_COMMON_BLOCKS = YES;
				GCC_OPTIMIZATION_LEVEL = 0;
				GCC_PREPROCESSOR_DEFINITIONS = (
					"DEBUG=1",
					"$(inherited)",
				);
				GCC_WARN_64_TO_32_BIT_CONVERSION = YES;
				GCC_WARN_ABOUT_RETURN_TYPE = YES_ERROR;
				GCC_WARN_UNDECLARED_SELECTOR = YES;
				GCC_WARN_UNINITIALIZED_AUTOS = YES_AGGRESSIVE;
				GCC_WARN_UNUSED_FUNCTION = YES;
				GCC_WARN_UNUSED_VARIABLE = YES;
				IPHONEOS_DEPLOYMENT_TARGET = 17.0;
				LOCALIZATION_PREFERS_STRING_CATALOGS = YES;
				MTL_ENABLE_DEBUG_INFO = INCLUDE_SOURCE;
				MTL_FAST_MATH = YES;
				ONLY_ACTIVE_ARCH = YES;
				SDKROOT = iphoneos;
				SWIFT_ACTIVE_COMPILATION_CONDITIONS = "DEBUG $(inherited)";
				SWIFT_OPTIMIZATION_LEVEL = "-Onone";
			};
			name = Debug;
		};
		EBE4FA962ADA7D1300EFFE54 /* Release */ = {
			isa = XCBuildConfiguration;
			buildSettings = {
				ALWAYS_SEARCH_USER_PATHS = NO;
				ASSETCATALOG_COMPILER_GENERATE_SWIFT_ASSET_SYMBOL_EXTENSIONS = YES;
				CLANG_ANALYZER_NONNULL = YES;
				CLANG_ANALYZER_NUMBER_OBJECT_CONVERSION = YES_AGGRESSIVE;
				CLANG_CXX_LANGUAGE_STANDARD = "gnu++20";
				CLANG_ENABLE_MODULES = YES;
				CLANG_ENABLE_OBJC_ARC = YES;
				CLANG_ENABLE_OBJC_WEAK = YES;
				CLANG_WARN_BLOCK_CAPTURE_AUTORELEASING = YES;
				CLANG_WARN_BOOL_CONVERSION = YES;
				CLANG_WARN_COMMA = YES;
				CLANG_WARN_CONSTANT_CONVERSION = YES;
				CLANG_WARN_DEPRECATED_OBJC_IMPLEMENTATIONS = YES;
				CLANG_WARN_DIRECT_OBJC_ISA_USAGE = YES_ERROR;
				CLANG_WARN_DOCUMENTATION_COMMENTS = YES;
				CLANG_WARN_EMPTY_BODY = YES;
				CLANG_WARN_ENUM_CONVERSION = YES;
				CLANG_WARN_INFINITE_RECURSION = YES;
				CLANG_WARN_INT_CONVERSION = YES;
				CLANG_WARN_NON_LITERAL_NULL_CONVERSION = YES;
				CLANG_WARN_OBJC_IMPLICIT_RETAIN_SELF = YES;
				CLANG_WARN_OBJC_LITERAL_CONVERSION = YES;
				CLANG_WARN_OBJC_ROOT_CLASS = YES_ERROR;
				CLANG_WARN_QUOTED_INCLUDE_IN_FRAMEWORK_HEADER = YES;
				CLANG_WARN_RANGE_LOOP_ANALYSIS = YES;
				CLANG_WARN_STRICT_PROTOTYPES = YES;
				CLANG_WARN_SUSPICIOUS_MOVE = YES;
				CLANG_WARN_UNGUARDED_AVAILABILITY = YES_AGGRESSIVE;
				CLANG_WARN_UNREACHABLE_CODE = YES;
				CLANG_WARN__DUPLICATE_METHOD_MATCH = YES;
				COPY_PHASE_STRIP = NO;
				DEBUG_INFORMATION_FORMAT = "dwarf-with-dsym";
				ENABLE_NS_ASSERTIONS = NO;
				ENABLE_STRICT_OBJC_MSGSEND = YES;
				ENABLE_USER_SCRIPT_SANDBOXING = YES;
				GCC_C_LANGUAGE_STANDARD = gnu17;
				GCC_NO_COMMON_BLOCKS = YES;
				GCC_WARN_64_TO_32_BIT_CONVERSION = YES;
				GCC_WARN_ABOUT_RETURN_TYPE = YES_ERROR;
				GCC_WARN_UNDECLARED_SELECTOR = YES;
				GCC_WARN_UNINITIALIZED_AUTOS = YES_AGGRESSIVE;
				GCC_WARN_UNUSED_FUNCTION = YES;
				GCC_WARN_UNUSED_VARIABLE = YES;
				IPHONEOS_DEPLOYMENT_TARGET = 17.0;
				LOCALIZATION_PREFERS_STRING_CATALOGS = YES;
				MTL_ENABLE_DEBUG_INFO = NO;
				MTL_FAST_MATH = YES;
				SDKROOT = iphoneos;
				SWIFT_COMPILATION_MODE = wholemodule;
				VALIDATE_PRODUCT = YES;
			};
			name = Release;
		};
		EBE4FA982ADA7D1300EFFE54 /* Debug */ = {
			isa = XCBuildConfiguration;
			buildSettings = {
				ASSETCATALOG_COMPILER_APPICON_NAME = AppIcon;
				ASSETCATALOG_COMPILER_GLOBAL_ACCENT_COLOR_NAME = AccentColor;
				CODE_SIGN_STYLE = Automatic;
				CURRENT_PROJECT_VERSION = 0;
				GENERATE_INFOPLIST_FILE = YES;
				INFOPLIST_FILE = "Poki-iOS/Resources/Info.plist";
				INFOPLIST_KEY_CFBundleDisplayName = POKI;
				INFOPLIST_KEY_LSApplicationCategoryType = "public.app-category.photography";
				INFOPLIST_KEY_UIApplicationSupportsIndirectInputEvents = YES;
				INFOPLIST_KEY_UILaunchStoryboardName = LaunchScreen;
				INFOPLIST_KEY_UISupportedInterfaceOrientations = UIInterfaceOrientationPortrait;
				INFOPLIST_KEY_UISupportedInterfaceOrientations_iPad = "UIInterfaceOrientationLandscapeLeft UIInterfaceOrientationLandscapeRight UIInterfaceOrientationPortrait UIInterfaceOrientationPortraitUpsideDown";
				INFOPLIST_KEY_UIUserInterfaceStyle = Light;
				IPHONEOS_DEPLOYMENT_TARGET = 15.0;
				LD_RUNPATH_SEARCH_PATHS = (
					"$(inherited)",
					"@executable_path/Frameworks",
				);
				MARKETING_VERSION = 1.0;
				PRODUCT_BUNDLE_IDENTIFIER = "com.TeamPoki.Poki-iOS";
				PRODUCT_NAME = "$(TARGET_NAME)";
				SUPPORTED_PLATFORMS = "iphoneos iphonesimulator";
				SUPPORTS_MACCATALYST = NO;
				SUPPORTS_MAC_DESIGNED_FOR_IPHONE_IPAD = NO;
				SWIFT_EMIT_LOC_STRINGS = YES;
				SWIFT_VERSION = 5.0;
				TARGETED_DEVICE_FAMILY = 1;
			};
			name = Debug;
		};
		EBE4FA992ADA7D1300EFFE54 /* Release */ = {
			isa = XCBuildConfiguration;
			buildSettings = {
				ASSETCATALOG_COMPILER_APPICON_NAME = AppIcon;
				ASSETCATALOG_COMPILER_GLOBAL_ACCENT_COLOR_NAME = AccentColor;
				CODE_SIGN_STYLE = Automatic;
				CURRENT_PROJECT_VERSION = 0;
				GENERATE_INFOPLIST_FILE = YES;
				INFOPLIST_FILE = "Poki-iOS/Resources/Info.plist";
				INFOPLIST_KEY_CFBundleDisplayName = POKI;
				INFOPLIST_KEY_LSApplicationCategoryType = "public.app-category.photography";
				INFOPLIST_KEY_UIApplicationSupportsIndirectInputEvents = YES;
				INFOPLIST_KEY_UILaunchStoryboardName = LaunchScreen;
				INFOPLIST_KEY_UISupportedInterfaceOrientations = UIInterfaceOrientationPortrait;
				INFOPLIST_KEY_UISupportedInterfaceOrientations_iPad = "UIInterfaceOrientationLandscapeLeft UIInterfaceOrientationLandscapeRight UIInterfaceOrientationPortrait UIInterfaceOrientationPortraitUpsideDown";
				INFOPLIST_KEY_UIUserInterfaceStyle = Light;
				IPHONEOS_DEPLOYMENT_TARGET = 15.0;
				LD_RUNPATH_SEARCH_PATHS = (
					"$(inherited)",
					"@executable_path/Frameworks",
				);
				MARKETING_VERSION = 1.0;
				PRODUCT_BUNDLE_IDENTIFIER = "com.TeamPoki.Poki-iOS";
				PRODUCT_NAME = "$(TARGET_NAME)";
				SUPPORTED_PLATFORMS = "iphoneos iphonesimulator";
				SUPPORTS_MACCATALYST = NO;
				SUPPORTS_MAC_DESIGNED_FOR_IPHONE_IPAD = NO;
				SWIFT_EMIT_LOC_STRINGS = YES;
				SWIFT_VERSION = 5.0;
				TARGETED_DEVICE_FAMILY = 1;
			};
			name = Release;
		};
/* End XCBuildConfiguration section */

/* Begin XCConfigurationList section */
		EBE4FA7E2ADA7D1200EFFE54 /* Build configuration list for PBXProject "Poki-iOS" */ = {
			isa = XCConfigurationList;
			buildConfigurations = (
				EBE4FA952ADA7D1300EFFE54 /* Debug */,
				EBE4FA962ADA7D1300EFFE54 /* Release */,
			);
			defaultConfigurationIsVisible = 0;
			defaultConfigurationName = Release;
		};
		EBE4FA972ADA7D1300EFFE54 /* Build configuration list for PBXNativeTarget "Poki-iOS" */ = {
			isa = XCConfigurationList;
			buildConfigurations = (
				EBE4FA982ADA7D1300EFFE54 /* Debug */,
				EBE4FA992ADA7D1300EFFE54 /* Release */,
			);
			defaultConfigurationIsVisible = 0;
			defaultConfigurationName = Release;
		};
/* End XCConfigurationList section */

/* Begin XCRemoteSwiftPackageReference section */
		EBE195452AE158AD00AC5647 /* XCRemoteSwiftPackageReference "firebase-ios-sdk" */ = {
			isa = XCRemoteSwiftPackageReference;
			repositoryURL = "https://github.com/firebase/firebase-ios-sdk.git";
			requirement = {
				kind = upToNextMajorVersion;
				minimumVersion = 10.16.0;
			};
		};
		EBE4FAA52ADA7E6F00EFFE54 /* XCRemoteSwiftPackageReference "Kingfisher" */ = {
			isa = XCRemoteSwiftPackageReference;
			repositoryURL = "https://github.com/onevcat/Kingfisher";
			requirement = {
				kind = upToNextMajorVersion;
				minimumVersion = 7.9.1;
			};
		};
		EBE4FAA82ADA7E7A00EFFE54 /* XCRemoteSwiftPackageReference "Then" */ = {
			isa = XCRemoteSwiftPackageReference;
			repositoryURL = "https://github.com/devxoul/Then";
			requirement = {
				kind = upToNextMajorVersion;
				minimumVersion = 3.0.0;
			};
		};
		EBE4FAAB2ADA7E8900EFFE54 /* XCRemoteSwiftPackageReference "SnapKit" */ = {
			isa = XCRemoteSwiftPackageReference;
			repositoryURL = "https://github.com/SnapKit/SnapKit";
			requirement = {
				kind = upToNextMajorVersion;
				minimumVersion = 5.6.0;
			};
		};
/* End XCRemoteSwiftPackageReference section */

/* Begin XCSwiftPackageProductDependency section */
		EBE195462AE158AD00AC5647 /* FirebaseAnalytics */ = {
			isa = XCSwiftPackageProductDependency;
			package = EBE195452AE158AD00AC5647 /* XCRemoteSwiftPackageReference "firebase-ios-sdk" */;
			productName = FirebaseAnalytics;
		};
		EBE195522AE158AD00AC5647 /* FirebaseAuth */ = {
			isa = XCSwiftPackageProductDependency;
			package = EBE195452AE158AD00AC5647 /* XCRemoteSwiftPackageReference "firebase-ios-sdk" */;
			productName = FirebaseAuth;
		};
		EBE1955E2AE158AD00AC5647 /* FirebaseFirestore */ = {
			isa = XCSwiftPackageProductDependency;
			package = EBE195452AE158AD00AC5647 /* XCRemoteSwiftPackageReference "firebase-ios-sdk" */;
			productName = FirebaseFirestore;
		};
		EBE195782AE158AD00AC5647 /* FirebaseStorage */ = {
			isa = XCSwiftPackageProductDependency;
			package = EBE195452AE158AD00AC5647 /* XCRemoteSwiftPackageReference "firebase-ios-sdk" */;
			productName = FirebaseStorage;
		};
		EBE4FAA62ADA7E6F00EFFE54 /* Kingfisher */ = {
			isa = XCSwiftPackageProductDependency;
			package = EBE4FAA52ADA7E6F00EFFE54 /* XCRemoteSwiftPackageReference "Kingfisher" */;
			productName = Kingfisher;
		};
		EBE4FAA92ADA7E7A00EFFE54 /* Then */ = {
			isa = XCSwiftPackageProductDependency;
			package = EBE4FAA82ADA7E7A00EFFE54 /* XCRemoteSwiftPackageReference "Then" */;
			productName = Then;
		};
		EBE4FAAC2ADA7E8900EFFE54 /* SnapKit */ = {
			isa = XCSwiftPackageProductDependency;
			package = EBE4FAAB2ADA7E8900EFFE54 /* XCRemoteSwiftPackageReference "SnapKit" */;
			productName = SnapKit;
		};
		F92D584C2AE770B000147255 /* FirebaseFirestoreSwift */ = {
			isa = XCSwiftPackageProductDependency;
			package = EBE195452AE158AD00AC5647 /* XCRemoteSwiftPackageReference "firebase-ios-sdk" */;
			productName = FirebaseFirestoreSwift;
		};
/* End XCSwiftPackageProductDependency section */
	};
	rootObject = EBE4FA7B2ADA7D1200EFFE54 /* Project object */;
}
